// !$*UTF8*$!
{
	archiveVersion = 1;
	classes = {
	};
	objectVersion = 50;
	objects = {

/* Begin PBXBuildFile section */
		B9B35F0826A3E6F800DEBCBD /* AppDelegate.swift in Sources */ = {isa = PBXBuildFile; fileRef = B9B35F0726A3E6F800DEBCBD /* AppDelegate.swift */; };
		B9B35F0A26A3E6F800DEBCBD /* SceneDelegate.swift in Sources */ = {isa = PBXBuildFile; fileRef = B9B35F0926A3E6F800DEBCBD /* SceneDelegate.swift */; };
		B9B35F0C26A3E6F800DEBCBD /* ViewController.swift in Sources */ = {isa = PBXBuildFile; fileRef = B9B35F0B26A3E6F800DEBCBD /* ViewController.swift */; };
		B9B35F0F26A3E6F800DEBCBD /* Main.storyboard in Resources */ = {isa = PBXBuildFile; fileRef = B9B35F0D26A3E6F800DEBCBD /* Main.storyboard */; };
		B9B35F1126A3E6F900DEBCBD /* Assets.xcassets in Resources */ = {isa = PBXBuildFile; fileRef = B9B35F1026A3E6F900DEBCBD /* Assets.xcassets */; };
		B9B35F1426A3E6F900DEBCBD /* LaunchScreen.storyboard in Resources */ = {isa = PBXBuildFile; fileRef = B9B35F1226A3E6F900DEBCBD /* LaunchScreen.storyboard */; };
		B9B35F1F26A3E6F900DEBCBD /* PreworkTests.swift in Sources */ = {isa = PBXBuildFile; fileRef = B9B35F1E26A3E6F900DEBCBD /* PreworkTests.swift */; };
		B9B35F2A26A3E6F900DEBCBD /* PreworkUITests.swift in Sources */ = {isa = PBXBuildFile; fileRef = B9B35F2926A3E6F900DEBCBD /* PreworkUITests.swift */; };
/* End PBXBuildFile section */

/* Begin PBXContainerItemProxy section */
		B9B35F1B26A3E6F900DEBCBD /* PBXContainerItemProxy */ = {
			isa = PBXContainerItemProxy;
			containerPortal = B9B35EFC26A3E6F800DEBCBD /* Project object */;
			proxyType = 1;
			remoteGlobalIDString = B9B35F0326A3E6F800DEBCBD;
			remoteInfo = Prework;
		};
		B9B35F2626A3E6F900DEBCBD /* PBXContainerItemProxy */ = {
			isa = PBXContainerItemProxy;
			containerPortal = B9B35EFC26A3E6F800DEBCBD /* Project object */;
			proxyType = 1;
			remoteGlobalIDString = B9B35F0326A3E6F800DEBCBD;
			remoteInfo = Prework;
		};
/* End PBXContainerItemProxy section */

/* Begin PBXFileReference section */
		B9B35F0426A3E6F800DEBCBD /* Prework.app */ = {isa = PBXFileReference; explicitFileType = wrapper.application; includeInIndex = 0; path = Prework.app; sourceTree = BUILT_PRODUCTS_DIR; };
		B9B35F0726A3E6F800DEBCBD /* AppDelegate.swift */ = {isa = PBXFileReference; lastKnownFileType = sourcecode.swift; path = AppDelegate.swift; sourceTree = "<group>"; };
		B9B35F0926A3E6F800DEBCBD /* SceneDelegate.swift */ = {isa = PBXFileReference; lastKnownFileType = sourcecode.swift; path = SceneDelegate.swift; sourceTree = "<group>"; };
		B9B35F0B26A3E6F800DEBCBD /* ViewController.swift */ = {isa = PBXFileReference; lastKnownFileType = sourcecode.swift; path = ViewController.swift; sourceTree = "<group>"; };
		B9B35F0E26A3E6F800DEBCBD /* Base */ = {isa = PBXFileReference; lastKnownFileType = file.storyboard; name = Base; path = Base.lproj/Main.storyboard; sourceTree = "<group>"; };
		B9B35F1026A3E6F900DEBCBD /* Assets.xcassets */ = {isa = PBXFileReference; lastKnownFileType = folder.assetcatalog; path = Assets.xcassets; sourceTree = "<group>"; };
		B9B35F1326A3E6F900DEBCBD /* Base */ = {isa = PBXFileReference; lastKnownFileType = file.storyboard; name = Base; path = Base.lproj/LaunchScreen.storyboard; sourceTree = "<group>"; };
		B9B35F1526A3E6F900DEBCBD /* Info.plist */ = {isa = PBXFileReference; lastKnownFileType = text.plist.xml; path = Info.plist; sourceTree = "<group>"; };
		B9B35F1A26A3E6F900DEBCBD /* PreworkTests.xctest */ = {isa = PBXFileReference; explicitFileType = wrapper.cfbundle; includeInIndex = 0; path = PreworkTests.xctest; sourceTree = BUILT_PRODUCTS_DIR; };
		B9B35F1E26A3E6F900DEBCBD /* PreworkTests.swift */ = {isa = PBXFileReference; lastKnownFileType = sourcecode.swift; path = PreworkTests.swift; sourceTree = "<group>"; };
		B9B35F2026A3E6F900DEBCBD /* Info.plist */ = {isa = PBXFileReference; lastKnownFileType = text.plist.xml; path = Info.plist; sourceTree = "<group>"; };
		B9B35F2526A3E6F900DEBCBD /* PreworkUITests.xctest */ = {isa = PBXFileReference; explicitFileType = wrapper.cfbundle; includeInIndex = 0; path = PreworkUITests.xctest; sourceTree = BUILT_PRODUCTS_DIR; };
		B9B35F2926A3E6F900DEBCBD /* PreworkUITests.swift */ = {isa = PBXFileReference; lastKnownFileType = sourcecode.swift; path = PreworkUITests.swift; sourceTree = "<group>"; };
		B9B35F2B26A3E6F900DEBCBD /* Info.plist */ = {isa = PBXFileReference; lastKnownFileType = text.plist.xml; path = Info.plist; sourceTree = "<group>"; };
/* End PBXFileReference section */

/* Begin PBXFrameworksBuildPhase section */
		B9B35F0126A3E6F800DEBCBD /* Frameworks */ = {
			isa = PBXFrameworksBuildPhase;
			buildActionMask = 2147483647;
			files = (
			);
			runOnlyForDeploymentPostprocessing = 0;
		};
		B9B35F1726A3E6F900DEBCBD /* Frameworks */ = {
			isa = PBXFrameworksBuildPhase;
			buildActionMask = 2147483647;
			files = (
			);
			runOnlyForDeploymentPostprocessing = 0;
		};
		B9B35F2226A3E6F900DEBCBD /* Frameworks */ = {
			isa = PBXFrameworksBuildPhase;
			buildActionMask = 2147483647;
			files = (
			);
			runOnlyForDeploymentPostprocessing = 0;
		};
/* End PBXFrameworksBuildPhase section */

/* Begin PBXGroup section */
		B9B35EFB26A3E6F800DEBCBD = {
			isa = PBXGroup;
			children = (
				B9B35F0626A3E6F800DEBCBD /* Prework */,
				B9B35F1D26A3E6F900DEBCBD /* PreworkTests */,
				B9B35F2826A3E6F900DEBCBD /* PreworkUITests */,
				B9B35F0526A3E6F800DEBCBD /* Products */,
			);
			sourceTree = "<group>";
		};
		B9B35F0526A3E6F800DEBCBD /* Products */ = {
			isa = PBXGroup;
			children = (
				B9B35F0426A3E6F800DEBCBD /* Prework.app */,
				B9B35F1A26A3E6F900DEBCBD /* PreworkTests.xctest */,
				B9B35F2526A3E6F900DEBCBD /* PreworkUITests.xctest */,
			);
			name = Products;
			sourceTree = "<group>";
		};
		B9B35F0626A3E6F800DEBCBD /* Prework */ = {
			isa = PBXGroup;
			children = (
				B9B35F0726A3E6F800DEBCBD /* AppDelegate.swift */,
				B9B35F0926A3E6F800DEBCBD /* SceneDelegate.swift */,
				B9B35F0B26A3E6F800DEBCBD /* ViewController.swift */,
				B9B35F0D26A3E6F800DEBCBD /* Main.storyboard */,
				B9B35F1026A3E6F900DEBCBD /* Assets.xcassets */,
				B9B35F1226A3E6F900DEBCBD /* LaunchScreen.storyboard */,
				B9B35F1526A3E6F900DEBCBD /* Info.plist */,
			);
			path = Prework;
			sourceTree = "<group>";
		};
		B9B35F1D26A3E6F900DEBCBD /* PreworkTests */ = {
			isa = PBXGroup;
			children = (
				B9B35F1E26A3E6F900DEBCBD /* PreworkTests.swift */,
				B9B35F2026A3E6F900DEBCBD /* Info.plist */,
			);
			path = PreworkTests;
			sourceTree = "<group>";
		};
		B9B35F2826A3E6F900DEBCBD /* PreworkUITests */ = {
			isa = PBXGroup;
			children = (
				B9B35F2926A3E6F900DEBCBD /* PreworkUITests.swift */,
				B9B35F2B26A3E6F900DEBCBD /* Info.plist */,
			);
			path = PreworkUITests;
			sourceTree = "<group>";
		};
/* End PBXGroup section */

/* Begin PBXNativeTarget section */
		B9B35F0326A3E6F800DEBCBD /* Prework */ = {
			isa = PBXNativeTarget;
			buildConfigurationList = B9B35F2E26A3E6F900DEBCBD /* Build configuration list for PBXNativeTarget "Prework" */;
			buildPhases = (
				B9B35F0026A3E6F800DEBCBD /* Sources */,
				B9B35F0126A3E6F800DEBCBD /* Frameworks */,
				B9B35F0226A3E6F800DEBCBD /* Resources */,
			);
			buildRules = (
			);
			dependencies = (
			);
			name = Prework;
			productName = Prework;
			productReference = B9B35F0426A3E6F800DEBCBD /* Prework.app */;
			productType = "com.apple.product-type.application";
		};
		B9B35F1926A3E6F900DEBCBD /* PreworkTests */ = {
			isa = PBXNativeTarget;
			buildConfigurationList = B9B35F3126A3E6F900DEBCBD /* Build configuration list for PBXNativeTarget "PreworkTests" */;
			buildPhases = (
				B9B35F1626A3E6F900DEBCBD /* Sources */,
				B9B35F1726A3E6F900DEBCBD /* Frameworks */,
				B9B35F1826A3E6F900DEBCBD /* Resources */,
			);
			buildRules = (
			);
			dependencies = (
				B9B35F1C26A3E6F900DEBCBD /* PBXTargetDependency */,
			);
			name = PreworkTests;
			productName = PreworkTests;
			productReference = B9B35F1A26A3E6F900DEBCBD /* PreworkTests.xctest */;
			productType = "com.apple.product-type.bundle.unit-test";
		};
		B9B35F2426A3E6F900DEBCBD /* PreworkUITests */ = {
			isa = PBXNativeTarget;
			buildConfigurationList = B9B35F3426A3E6F900DEBCBD /* Build configuration list for PBXNativeTarget "PreworkUITests" */;
			buildPhases = (
				B9B35F2126A3E6F900DEBCBD /* Sources */,
				B9B35F2226A3E6F900DEBCBD /* Frameworks */,
				B9B35F2326A3E6F900DEBCBD /* Resources */,
			);
			buildRules = (
			);
			dependencies = (
				B9B35F2726A3E6F900DEBCBD /* PBXTargetDependency */,
			);
			name = PreworkUITests;
			productName = PreworkUITests;
			productReference = B9B35F2526A3E6F900DEBCBD /* PreworkUITests.xctest */;
			productType = "com.apple.product-type.bundle.ui-testing";
		};
/* End PBXNativeTarget section */

/* Begin PBXProject section */
		B9B35EFC26A3E6F800DEBCBD /* Project object */ = {
			isa = PBXProject;
			attributes = {
				LastSwiftUpdateCheck = 1250;
				LastUpgradeCheck = 1250;
				TargetAttributes = {
					B9B35F0326A3E6F800DEBCBD = {
						CreatedOnToolsVersion = 12.5.1;
					};
					B9B35F1926A3E6F900DEBCBD = {
						CreatedOnToolsVersion = 12.5.1;
						TestTargetID = B9B35F0326A3E6F800DEBCBD;
					};
					B9B35F2426A3E6F900DEBCBD = {
						CreatedOnToolsVersion = 12.5.1;
						TestTargetID = B9B35F0326A3E6F800DEBCBD;
					};
				};
			};
			buildConfigurationList = B9B35EFF26A3E6F800DEBCBD /* Build configuration list for PBXProject "Prework" */;
			compatibilityVersion = "Xcode 9.3";
			developmentRegion = en;
			hasScannedForEncodings = 0;
			knownRegions = (
				en,
				Base,
			);
			mainGroup = B9B35EFB26A3E6F800DEBCBD;
			productRefGroup = B9B35F0526A3E6F800DEBCBD /* Products */;
			projectDirPath = "";
			projectRoot = "";
			targets = (
				B9B35F0326A3E6F800DEBCBD /* Prework */,
				B9B35F1926A3E6F900DEBCBD /* PreworkTests */,
				B9B35F2426A3E6F900DEBCBD /* PreworkUITests */,
			);
		};
/* End PBXProject section */

/* Begin PBXResourcesBuildPhase section */
		B9B35F0226A3E6F800DEBCBD /* Resources */ = {
			isa = PBXResourcesBuildPhase;
			buildActionMask = 2147483647;
			files = (
				B9B35F1426A3E6F900DEBCBD /* LaunchScreen.storyboard in Resources */,
				B9B35F1126A3E6F900DEBCBD /* Assets.xcassets in Resources */,
				B9B35F0F26A3E6F800DEBCBD /* Main.storyboard in Resources */,
			);
			runOnlyForDeploymentPostprocessing = 0;
		};
		B9B35F1826A3E6F900DEBCBD /* Resources */ = {
			isa = PBXResourcesBuildPhase;
			buildActionMask = 2147483647;
			files = (
			);
			runOnlyForDeploymentPostprocessing = 0;
		};
		B9B35F2326A3E6F900DEBCBD /* Resources */ = {
			isa = PBXResourcesBuildPhase;
			buildActionMask = 2147483647;
			files = (
			);
			runOnlyForDeploymentPostprocessing = 0;
		};
/* End PBXResourcesBuildPhase section */

/* Begin PBXSourcesBuildPhase section */
		B9B35F0026A3E6F800DEBCBD /* Sources */ = {
			isa = PBXSourcesBuildPhase;
			buildActionMask = 2147483647;
			files = (
				B9B35F0C26A3E6F800DEBCBD /* ViewController.swift in Sources */,
				B9B35F0826A3E6F800DEBCBD /* AppDelegate.swift in Sources */,
				B9B35F0A26A3E6F800DEBCBD /* SceneDelegate.swift in Sources */,
			);
			runOnlyForDeploymentPostprocessing = 0;
		};
		B9B35F1626A3E6F900DEBCBD /* Sources */ = {
			isa = PBXSourcesBuildPhase;
			buildActionMask = 2147483647;
			files = (
				B9B35F1F26A3E6F900DEBCBD /* PreworkTests.swift in Sources */,
			);
			runOnlyForDeploymentPostprocessing = 0;
		};
		B9B35F2126A3E6F900DEBCBD /* Sources */ = {
			isa = PBXSourcesBuildPhase;
			buildActionMask = 2147483647;
			files = (
				B9B35F2A26A3E6F900DEBCBD /* PreworkUITests.swift in Sources */,
			);
			runOnlyForDeploymentPostprocessing = 0;
		};
/* End PBXSourcesBuildPhase section */

/* Begin PBXTargetDependency section */
		B9B35F1C26A3E6F900DEBCBD /* PBXTargetDependency */ = {
			isa = PBXTargetDependency;
			target = B9B35F0326A3E6F800DEBCBD /* Prework */;
			targetProxy = B9B35F1B26A3E6F900DEBCBD /* PBXContainerItemProxy */;
		};
		B9B35F2726A3E6F900DEBCBD /* PBXTargetDependency */ = {
			isa = PBXTargetDependency;
			target = B9B35F0326A3E6F800DEBCBD /* Prework */;
			targetProxy = B9B35F2626A3E6F900DEBCBD /* PBXContainerItemProxy */;
		};
/* End PBXTargetDependency section */

/* Begin PBXVariantGroup section */
		B9B35F0D26A3E6F800DEBCBD /* Main.storyboard */ = {
			isa = PBXVariantGroup;
			children = (
				B9B35F0E26A3E6F800DEBCBD /* Base */,
			);
			name = Main.storyboard;
			sourceTree = "<group>";
		};
		B9B35F1226A3E6F900DEBCBD /* LaunchScreen.storyboard */ = {
			isa = PBXVariantGroup;
			children = (
				B9B35F1326A3E6F900DEBCBD /* Base */,
			);
			name = LaunchScreen.storyboard;
			sourceTree = "<group>";
		};
/* End PBXVariantGroup section */

/* Begin XCBuildConfiguration section */
		B9B35F2C26A3E6F900DEBCBD /* Debug */ = {
			isa = XCBuildConfiguration;
			buildSettings = {
				ALWAYS_SEARCH_USER_PATHS = NO;
				CLANG_ANALYZER_NONNULL = YES;
				CLANG_ANALYZER_NUMBER_OBJECT_CONVERSION = YES_AGGRESSIVE;
				CLANG_CXX_LANGUAGE_STANDARD = "gnu++14";
				CLANG_CXX_LIBRARY = "libc++";
				CLANG_ENABLE_MODULES = YES;
				CLANG_ENABLE_OBJC_ARC = YES;
				CLANG_ENABLE_OBJC_WEAK = YES;
				CLANG_WARN_BLOCK_CAPTURE_AUTORELEASING = YES;
				CLANG_WARN_BOOL_CONVERSION = YES;
				CLANG_WARN_COMMA = YES;
				CLANG_WARN_CONSTANT_CONVERSION = YES;
				CLANG_WARN_DEPRECATED_OBJC_IMPLEMENTATIONS = YES;
				CLANG_WARN_DIRECT_OBJC_ISA_USAGE = YES_ERROR;
				CLANG_WARN_DOCUMENTATION_COMMENTS = YES;
				CLANG_WARN_EMPTY_BODY = YES;
				CLANG_WARN_ENUM_CONVERSION = YES;
				CLANG_WARN_INFINITE_RECURSION = YES;
				CLANG_WARN_INT_CONVERSION = YES;
				CLANG_WARN_NON_LITERAL_NULL_CONVERSION = YES;
				CLANG_WARN_OBJC_IMPLICIT_RETAIN_SELF = YES;
				CLANG_WARN_OBJC_LITERAL_CONVERSION = YES;
				CLANG_WARN_OBJC_ROOT_CLASS = YES_ERROR;
				CLANG_WARN_QUOTED_INCLUDE_IN_FRAMEWORK_HEADER = YES;
				CLANG_WARN_RANGE_LOOP_ANALYSIS = YES;
				CLANG_WARN_STRICT_PROTOTYPES = YES;
				CLANG_WARN_SUSPICIOUS_MOVE = YES;
				CLANG_WARN_UNGUARDED_AVAILABILITY = YES_AGGRESSIVE;
				CLANG_WARN_UNREACHABLE_CODE = YES;
				CLANG_WARN__DUPLICATE_METHOD_MATCH = YES;
				COPY_PHASE_STRIP = NO;
				DEBUG_INFORMATION_FORMAT = dwarf;
				ENABLE_STRICT_OBJC_MSGSEND = YES;
				ENABLE_TESTABILITY = YES;
				GCC_C_LANGUAGE_STANDARD = gnu11;
				GCC_DYNAMIC_NO_PIC = NO;
				GCC_NO_COMMON_BLOCKS = YES;
				GCC_OPTIMIZATION_LEVEL = 0;
				GCC_PREPROCESSOR_DEFINITIONS = (
					"DEBUG=1",
					"$(inherited)",
				);
				GCC_WARN_64_TO_32_BIT_CONVERSION = YES;
				GCC_WARN_ABOUT_RETURN_TYPE = YES_ERROR;
				GCC_WARN_UNDECLARED_SELECTOR = YES;
				GCC_WARN_UNINITIALIZED_AUTOS = YES_AGGRESSIVE;
				GCC_WARN_UNUSED_FUNCTION = YES;
				GCC_WARN_UNUSED_VARIABLE = YES;
				IPHONEOS_DEPLOYMENT_TARGET = 14.5;
				MTL_ENABLE_DEBUG_INFO = INCLUDE_SOURCE;
				MTL_FAST_MATH = YES;
				ONLY_ACTIVE_ARCH = YES;
				SDKROOT = iphoneos;
				SWIFT_ACTIVE_COMPILATION_CONDITIONS = DEBUG;
				SWIFT_OPTIMIZATION_LEVEL = "-Onone";
			};
			name = Debug;
		};
		B9B35F2D26A3E6F900DEBCBD /* Release */ = {
			isa = XCBuildConfiguration;
			buildSettings = {
				ALWAYS_SEARCH_USER_PATHS = NO;
				CLANG_ANALYZER_NONNULL = YES;
				CLANG_ANALYZER_NUMBER_OBJECT_CONVERSION = YES_AGGRESSIVE;
				CLANG_CXX_LANGUAGE_STANDARD = "gnu++14";
				CLANG_CXX_LIBRARY = "libc++";
				CLANG_ENABLE_MODULES = YES;
				CLANG_ENABLE_OBJC_ARC = YES;
				CLANG_ENABLE_OBJC_WEAK = YES;
				CLANG_WARN_BLOCK_CAPTURE_AUTORELEASING = YES;
				CLANG_WARN_BOOL_CONVERSION = YES;
				CLANG_WARN_COMMA = YES;
				CLANG_WARN_CONSTANT_CONVERSION = YES;
				CLANG_WARN_DEPRECATED_OBJC_IMPLEMENTATIONS = YES;
				CLANG_WARN_DIRECT_OBJC_ISA_USAGE = YES_ERROR;
				CLANG_WARN_DOCUMENTATION_COMMENTS = YES;
				CLANG_WARN_EMPTY_BODY = YES;
				CLANG_WARN_ENUM_CONVERSION = YES;
				CLANG_WARN_INFINITE_RECURSION = YES;
				CLANG_WARN_INT_CONVERSION = YES;
				CLANG_WARN_NON_LITERAL_NULL_CONVERSION = YES;
				CLANG_WARN_OBJC_IMPLICIT_RETAIN_SELF = YES;
				CLANG_WARN_OBJC_LITERAL_CONVERSION = YES;
				CLANG_WARN_OBJC_ROOT_CLASS = YES_ERROR;
				CLANG_WARN_QUOTED_INCLUDE_IN_FRAMEWORK_HEADER = YES;
				CLANG_WARN_RANGE_LOOP_ANALYSIS = YES;
				CLANG_WARN_STRICT_PROTOTYPES = YES;
				CLANG_WARN_SUSPICIOUS_MOVE = YES;
				CLANG_WARN_UNGUARDED_AVAILABILITY = YES_AGGRESSIVE;
				CLANG_WARN_UNREACHABLE_CODE = YES;
				CLANG_WARN__DUPLICATE_METHOD_MATCH = YES;
				COPY_PHASE_STRIP = NO;
				DEBUG_INFORMATION_FORMAT = "dwarf-with-dsym";
				ENABLE_NS_ASSERTIONS = NO;
				ENABLE_STRICT_OBJC_MSGSEND = YES;
				GCC_C_LANGUAGE_STANDARD = gnu11;
				GCC_NO_COMMON_BLOCKS = YES;
				GCC_WARN_64_TO_32_BIT_CONVERSION = YES;
				GCC_WARN_ABOUT_RETURN_TYPE = YES_ERROR;
				GCC_WARN_UNDECLARED_SELECTOR = YES;
				GCC_WARN_UNINITIALIZED_AUTOS = YES_AGGRESSIVE;
				GCC_WARN_UNUSED_FUNCTION = YES;
				GCC_WARN_UNUSED_VARIABLE = YES;
				IPHONEOS_DEPLOYMENT_TARGET = 14.5;
				MTL_ENABLE_DEBUG_INFO = NO;
				MTL_FAST_MATH = YES;
				SDKROOT = iphoneos;
				SWIFT_COMPILATION_MODE = wholemodule;
				SWIFT_OPTIMIZATION_LEVEL = "-O";
				VALIDATE_PRODUCT = YES;
			};
			name = Release;
		};
		B9B35F2F26A3E6F900DEBCBD /* Debug */ = {
			isa = XCBuildConfiguration;
			buildSettings = {
				ASSETCATALOG_COMPILER_APPICON_NAME = AppIcon;
				ASSETCATALOG_COMPILER_GLOBAL_ACCENT_COLOR_NAME = AccentColor;
				CODE_SIGN_STYLE = Automatic;
				INFOPLIST_FILE = Prework/Info.plist;
				LD_RUNPATH_SEARCH_PATHS = (
					"$(inherited)",
					"@executable_path/Frameworks",
				);
				PRODUCT_BUNDLE_IDENTIFIER = memo.com.Prework;
				PRODUCT_NAME = "$(TARGET_NAME)";
				SWIFT_VERSION = 5.0;
				TARGETED_DEVICE_FAMILY = "1,2";
			};
			name = Debug;
		};
		B9B35F3026A3E6F900DEBCBD /* Release */ = {
			isa = XCBuildConfiguration;
			buildSettings = {
				ASSETCATALOG_COMPILER_APPICON_NAME = AppIcon;
				ASSETCATALOG_COMPILER_GLOBAL_ACCENT_COLOR_NAME = AccentColor;
				CODE_SIGN_STYLE = Automatic;
				INFOPLIST_FILE = Prework/Info.plist;
				LD_RUNPATH_SEARCH_PATHS = (
					"$(inherited)",
					"@executable_path/Frameworks",
				);
				PRODUCT_BUNDLE_IDENTIFIER = memo.com.Prework;
				PRODUCT_NAME = "$(TARGET_NAME)";
				SWIFT_VERSION = 5.0;
				TARGETED_DEVICE_FAMILY = "1,2";
			};
			name = Release;
		};
		B9B35F3226A3E6F900DEBCBD /* Debug */ = {
			isa = XCBuildConfiguration;
			buildSettings = {
				ALWAYS_EMBED_SWIFT_STANDARD_LIBRARIES = YES;
				BUNDLE_LOADER = "$(TEST_HOST)";
				CODE_SIGN_STYLE = Automatic;
				INFOPLIST_FILE = PreworkTests/Info.plist;
				IPHONEOS_DEPLOYMENT_TARGET = 14.5;
				LD_RUNPATH_SEARCH_PATHS = (
					"$(inherited)",
					"@executable_path/Frameworks",
					"@loader_path/Frameworks",
				);
				PRODUCT_BUNDLE_IDENTIFIER = memo.com.PreworkTests;
				PRODUCT_NAME = "$(TARGET_NAME)";
				SWIFT_VERSION = 5.0;
				TARGETED_DEVICE_FAMILY = "1,2";
				TEST_HOST = "$(BUILT_PRODUCTS_DIR)/Prework.app/Prework";
			};
			name = Debug;
		};
		B9B35F3326A3E6F900DEBCBD /* Release */ = {
			isa = XCBuildConfiguration;
			buildSettings = {
				ALWAYS_EMBED_SWIFT_STANDARD_LIBRARIES = YES;
				BUNDLE_LOADER = "$(TEST_HOST)";
				CODE_SIGN_STYLE = Automatic;
				INFOPLIST_FILE = PreworkTests/Info.plist;
				IPHONEOS_DEPLOYMENT_TARGET = 14.5;
				LD_RUNPATH_SEARCH_PATHS = (
					"$(inherited)",
					"@executable_path/Frameworks",
					"@loader_path/Frameworks",
				);
				PRODUCT_BUNDLE_IDENTIFIER = memo.com.PreworkTests;
				PRODUCT_NAME = "$(TARGET_NAME)";
				SWIFT_VERSION = 5.0;
				TARGETED_DEVICE_FAMILY = "1,2";
				TEST_HOST = "$(BUILT_PRODUCTS_DIR)/Prework.app/Prework";
			};
			name = Release;
		};
		B9B35F3526A3E6F900DEBCBD /* Debug */ = {
			isa = XCBuildConfiguration;
			buildSettings = {
				ALWAYS_EMBED_SWIFT_STANDARD_LIBRARIES = YES;
				CODE_SIGN_STYLE = Automatic;
				INFOPLIST_FILE = PreworkUITests/Info.plist;
				LD_RUNPATH_SEARCH_PATHS = (
					"$(inherited)",
					"@executable_path/Frameworks",
					"@loader_path/Frameworks",
				);
				PRODUCT_BUNDLE_IDENTIFIER = memo.com.PreworkUITests;
				PRODUCT_NAME = "$(TARGET_NAME)";
				SWIFT_VERSION = 5.0;
				TARGETED_DEVICE_FAMILY = "1,2";
				TEST_TARGET_NAME = Prework;
			};
			name = Debug;
		};
		B9B35F3626A3E6F900DEBCBD /* Release */ = {
			isa = XCBuildConfiguration;
			buildSettings = {
				ALWAYS_EMBED_SWIFT_STANDARD_LIBRARIES = YES;
				CODE_SIGN_STYLE = Automatic;
				INFOPLIST_FILE = PreworkUITests/Info.plist;
				LD_RUNPATH_SEARCH_PATHS = (
					"$(inherited)",
					"@executable_path/Frameworks",
					"@loader_path/Frameworks",
				);
				PRODUCT_BUNDLE_IDENTIFIER = memo.com.PreworkUITests;
				PRODUCT_NAME = "$(TARGET_NAME)";
				SWIFT_VERSION = 5.0;
				TARGETED_DEVICE_FAMILY = "1,2";
				TEST_TARGET_NAME = Prework;
			};
			name = Release;
		};
/* End XCBuildConfiguration section */

/* Begin XCConfigurationList section */
		B9B35EFF26A3E6F800DEBCBD /* Build configuration list for PBXProject "Prework" */ = {
			isa = XCConfigurationList;
			buildConfigurations = (
				B9B35F2C26A3E6F900DEBCBD /* Debug */,
				B9B35F2D26A3E6F900DEBCBD /* Release */,
			);
			defaultConfigurationIsVisible = 0;
			defaultConfigurationName = Release;
		};
		B9B35F2E26A3E6F900DEBCBD /* Build configuration list for PBXNativeTarget "Prework" */ = {
			isa = XCConfigurationList;
			buildConfigurations = (
				B9B35F2F26A3E6F900DEBCBD /* Debug */,
				B9B35F3026A3E6F900DEBCBD /* Release */,
			);
			defaultConfigurationIsVisible = 0;
			defaultConfigurationName = Release;
		};
		B9B35F3126A3E6F900DEBCBD /* Build configuration list for PBXNativeTarget "PreworkTests" */ = {
			isa = XCConfigurationList;
			buildConfigurations = (
				B9B35F3226A3E6F900DEBCBD /* Debug */,
				B9B35F3326A3E6F900DEBCBD /* Release */,
			);
			defaultConfigurationIsVisible = 0;
			defaultConfigurationName = Release;
		};
		B9B35F3426A3E6F900DEBCBD /* Build configuration list for PBXNativeTarget "PreworkUITests" */ = {
			isa = XCConfigurationList;
			buildConfigurations = (
				B9B35F3526A3E6F900DEBCBD /* Debug */,
				B9B35F3626A3E6F900DEBCBD /* Release */,
			);
			defaultConfigurationIsVisible = 0;
			defaultConfigurationName = Release;
		};
/* End XCConfigurationList section */
	};
	rootObject = B9B35EFC26A3E6F800DEBCBD /* Project object */;
}
